// !$*UTF8*$!
{
	archiveVersion = 1;
	classes = {
	};
	objectVersion = 50;
	objects = {

/* Begin PBXBuildFile section */
		859FAAA8DD16BD7548A3722F /* Pods_Todos.framework in Frameworks */ = {isa = PBXBuildFile; fileRef = 1E966B01C916889791A9DAD3 /* Pods_Todos.framework */; };
		EA03500520E648EA00FDB40F /* CategoryViewController.swift in Sources */ = {isa = PBXBuildFile; fileRef = EA03500420E648EA00FDB40F /* CategoryViewController.swift */; };
		EA548F0D20DC0EF8000350C7 /* AppDelegate.swift in Sources */ = {isa = PBXBuildFile; fileRef = EA548F0C20DC0EF8000350C7 /* AppDelegate.swift */; };
		EA548F0F20DC0EF8000350C7 /* TodoListViewController.swift in Sources */ = {isa = PBXBuildFile; fileRef = EA548F0E20DC0EF8000350C7 /* TodoListViewController.swift */; };
		EA548F1220DC0EF8000350C7 /* Main.storyboard in Resources */ = {isa = PBXBuildFile; fileRef = EA548F1020DC0EF8000350C7 /* Main.storyboard */; };
		EA548F1420DC0F03000350C7 /* Assets.xcassets in Resources */ = {isa = PBXBuildFile; fileRef = EA548F1320DC0F03000350C7 /* Assets.xcassets */; };
		EA548F1720DC0F03000350C7 /* LaunchScreen.storyboard in Resources */ = {isa = PBXBuildFile; fileRef = EA548F1520DC0F03000350C7 /* LaunchScreen.storyboard */; };
		EAE85C5520EF8629008C1602 /* Item.swift in Sources */ = {isa = PBXBuildFile; fileRef = EAE85C5420EF8629008C1602 /* Item.swift */; };
		EAE85C5720EF8636008C1602 /* Category.swift in Sources */ = {isa = PBXBuildFile; fileRef = EAE85C5620EF8636008C1602 /* Category.swift */; };
/* End PBXBuildFile section */

/* Begin PBXFileReference section */
		1E966B01C916889791A9DAD3 /* Pods_Todos.framework */ = {isa = PBXFileReference; explicitFileType = wrapper.framework; includeInIndex = 0; path = Pods_Todos.framework; sourceTree = BUILT_PRODUCTS_DIR; };
		A2C0B0FC862B605DAEA1B4B2 /* Pods-Todos.release.xcconfig */ = {isa = PBXFileReference; includeInIndex = 1; lastKnownFileType = text.xcconfig; name = "Pods-Todos.release.xcconfig"; path = "Pods/Target Support Files/Pods-Todos/Pods-Todos.release.xcconfig"; sourceTree = "<group>"; };
		EA03500420E648EA00FDB40F /* CategoryViewController.swift */ = {isa = PBXFileReference; lastKnownFileType = sourcecode.swift; path = CategoryViewController.swift; sourceTree = "<group>"; };
		EA548F0920DC0EF8000350C7 /* Todos.app */ = {isa = PBXFileReference; explicitFileType = wrapper.application; includeInIndex = 0; path = Todos.app; sourceTree = BUILT_PRODUCTS_DIR; };
		EA548F0C20DC0EF8000350C7 /* AppDelegate.swift */ = {isa = PBXFileReference; lastKnownFileType = sourcecode.swift; path = AppDelegate.swift; sourceTree = "<group>"; };
		EA548F0E20DC0EF8000350C7 /* TodoListViewController.swift */ = {isa = PBXFileReference; lastKnownFileType = sourcecode.swift; path = TodoListViewController.swift; sourceTree = "<group>"; };
		EA548F1120DC0EF8000350C7 /* Base */ = {isa = PBXFileReference; lastKnownFileType = file.storyboard; name = Base; path = Base.lproj/Main.storyboard; sourceTree = "<group>"; };
		EA548F1320DC0F03000350C7 /* Assets.xcassets */ = {isa = PBXFileReference; lastKnownFileType = folder.assetcatalog; path = Assets.xcassets; sourceTree = "<group>"; };
		EA548F1620DC0F03000350C7 /* Base */ = {isa = PBXFileReference; lastKnownFileType = file.storyboard; name = Base; path = Base.lproj/LaunchScreen.storyboard; sourceTree = "<group>"; };
		EA548F1820DC0F03000350C7 /* Info.plist */ = {isa = PBXFileReference; lastKnownFileType = text.plist.xml; path = Info.plist; sourceTree = "<group>"; };
		EAE85C5420EF8629008C1602 /* Item.swift */ = {isa = PBXFileReference; lastKnownFileType = sourcecode.swift; path = Item.swift; sourceTree = "<group>"; };
		EAE85C5620EF8636008C1602 /* Category.swift */ = {isa = PBXFileReference; lastKnownFileType = sourcecode.swift; path = Category.swift; sourceTree = "<group>"; };
		FD1A8911DCE7F16B0A831E02 /* Pods-Todos.debug.xcconfig */ = {isa = PBXFileReference; includeInIndex = 1; lastKnownFileType = text.xcconfig; name = "Pods-Todos.debug.xcconfig"; path = "Pods/Target Support Files/Pods-Todos/Pods-Todos.debug.xcconfig"; sourceTree = "<group>"; };
/* End PBXFileReference section */

/* Begin PBXFrameworksBuildPhase section */
		EA548F0620DC0EF8000350C7 /* Frameworks */ = {
			isa = PBXFrameworksBuildPhase;
			buildActionMask = 2147483647;
			files = (
				859FAAA8DD16BD7548A3722F /* Pods_Todos.framework in Frameworks */,
			);
			runOnlyForDeploymentPostprocessing = 0;
		};
/* End PBXFrameworksBuildPhase section */

/* Begin PBXGroup section */
		612EBFCC8E16A9264F8D6892 /* Frameworks */ = {
			isa = PBXGroup;
			children = (
				1E966B01C916889791A9DAD3 /* Pods_Todos.framework */,
			);
			name = Frameworks;
			sourceTree = "<group>";
		};
		9EE1F43C3F3C92B13190C48E /* Pods */ = {
			isa = PBXGroup;
			children = (
				FD1A8911DCE7F16B0A831E02 /* Pods-Todos.debug.xcconfig */,
				A2C0B0FC862B605DAEA1B4B2 /* Pods-Todos.release.xcconfig */,
			);
			name = Pods;
			sourceTree = "<group>";
		};
		EA548F0020DC0EF8000350C7 = {
			isa = PBXGroup;
			children = (
				EA548F0B20DC0EF8000350C7 /* Todos */,
				EA548F0A20DC0EF8000350C7 /* Products */,
				9EE1F43C3F3C92B13190C48E /* Pods */,
				612EBFCC8E16A9264F8D6892 /* Frameworks */,
			);
			sourceTree = "<group>";
		};
		EA548F0A20DC0EF8000350C7 /* Products */ = {
			isa = PBXGroup;
			children = (
				EA548F0920DC0EF8000350C7 /* Todos.app */,
			);
			name = Products;
			sourceTree = "<group>";
		};
		EA548F0B20DC0EF8000350C7 /* Todos */ = {
			isa = PBXGroup;
			children = (
				EA548F0C20DC0EF8000350C7 /* AppDelegate.swift */,
				EA548F2120DD0403000350C7 /* DataModel */,
				EA548F2020DD03EF000350C7 /* Controllers */,
				EA548F2220DD0451000350C7 /* Views */,
				EA548F2320DD04C1000350C7 /* Supporting Files */,
				EA548F1820DC0F03000350C7 /* Info.plist */,
			);
			path = Todos;
			sourceTree = "<group>";
		};
		EA548F2020DD03EF000350C7 /* Controllers */ = {
			isa = PBXGroup;
			children = (
				EA03500420E648EA00FDB40F /* CategoryViewController.swift */,
				EA548F0E20DC0EF8000350C7 /* TodoListViewController.swift */,
			);
			path = Controllers;
			sourceTree = "<group>";
		};
		EA548F2120DD0403000350C7 /* DataModel */ = {
			isa = PBXGroup;
			children = (
				EAE85C5620EF8636008C1602 /* Category.swift */,
				EAE85C5420EF8629008C1602 /* Item.swift */,
			);
			path = DataModel;
			sourceTree = "<group>";
		};
		EA548F2220DD0451000350C7 /* Views */ = {
			isa = PBXGroup;
			children = (
				EA548F1020DC0EF8000350C7 /* Main.storyboard */,
			);
			path = Views;
			sourceTree = "<group>";
		};
		EA548F2320DD04C1000350C7 /* Supporting Files */ = {
			isa = PBXGroup;
			children = (
				EA548F1320DC0F03000350C7 /* Assets.xcassets */,
				EA548F1520DC0F03000350C7 /* LaunchScreen.storyboard */,
			);
			path = "Supporting Files";
			sourceTree = "<group>";
		};
/* End PBXGroup section */

/* Begin PBXNativeTarget section */
		EA548F0820DC0EF8000350C7 /* Todos */ = {
			isa = PBXNativeTarget;
			buildConfigurationList = EA548F1B20DC0F03000350C7 /* Build configuration list for PBXNativeTarget "Todos" */;
			buildPhases = (
				ADB24C2C07305393E085488B /* [CP] Check Pods Manifest.lock */,
				EA548F0520DC0EF8000350C7 /* Sources */,
				EA548F0620DC0EF8000350C7 /* Frameworks */,
				EA548F0720DC0EF8000350C7 /* Resources */,
				2E89FD7DC4BD93EF508CC40B /* [CP] Embed Pods Frameworks */,
			);
			buildRules = (
			);
			dependencies = (
			);
			name = Todos;
			productName = Todos;
			productReference = EA548F0920DC0EF8000350C7 /* Todos.app */;
			productType = "com.apple.product-type.application";
		};
/* End PBXNativeTarget section */

/* Begin PBXProject section */
		EA548F0120DC0EF8000350C7 /* Project object */ = {
			isa = PBXProject;
			attributes = {
				LastSwiftUpdateCheck = 0940;
				LastUpgradeCheck = 0940;
				ORGANIZATIONNAME = Magdalena;
				TargetAttributes = {
					EA548F0820DC0EF8000350C7 = {
						CreatedOnToolsVersion = 9.4;
					};
				};
			};
			buildConfigurationList = EA548F0420DC0EF8000350C7 /* Build configuration list for PBXProject "Todos" */;
			compatibilityVersion = "Xcode 9.3";
			developmentRegion = en;
			hasScannedForEncodings = 0;
			knownRegions = (
				en,
				Base,
			);
			mainGroup = EA548F0020DC0EF8000350C7;
			productRefGroup = EA548F0A20DC0EF8000350C7 /* Products */;
			projectDirPath = "";
			projectRoot = "";
			targets = (
				EA548F0820DC0EF8000350C7 /* Todos */,
			);
		};
/* End PBXProject section */

/* Begin PBXResourcesBuildPhase section */
		EA548F0720DC0EF8000350C7 /* Resources */ = {
			isa = PBXResourcesBuildPhase;
			buildActionMask = 2147483647;
			files = (
				EA548F1720DC0F03000350C7 /* LaunchScreen.storyboard in Resources */,
				EA548F1420DC0F03000350C7 /* Assets.xcassets in Resources */,
				EA548F1220DC0EF8000350C7 /* Main.storyboard in Resources */,
			);
			runOnlyForDeploymentPostprocessing = 0;
		};
/* End PBXResourcesBuildPhase section */

/* Begin PBXShellScriptBuildPhase section */
		2E89FD7DC4BD93EF508CC40B /* [CP] Embed Pods Frameworks */ = {
			isa = PBXShellScriptBuildPhase;
			buildActionMask = 2147483647;
			files = (
			);
			inputPaths = (
				"${SRCROOT}/Pods/Target Support Files/Pods-Todos/Pods-Todos-frameworks.sh",
				"${BUILT_PRODUCTS_DIR}/Realm/Realm.framework",
				"${BUILT_PRODUCTS_DIR}/RealmSwift/RealmSwift.framework",
			);
			name = "[CP] Embed Pods Frameworks";
			outputPaths = (
				"${TARGET_BUILD_DIR}/${FRAMEWORKS_FOLDER_PATH}/Realm.framework",
				"${TARGET_BUILD_DIR}/${FRAMEWORKS_FOLDER_PATH}/RealmSwift.framework",
			);
			runOnlyForDeploymentPostprocessing = 0;
			shellPath = /bin/sh;
			shellScript = "\"${SRCROOT}/Pods/Target Support Files/Pods-Todos/Pods-Todos-frameworks.sh\"\n";
			showEnvVarsInLog = 0;
		};
		ADB24C2C07305393E085488B /* [CP] Check Pods Manifest.lock */ = {
			isa = PBXShellScriptBuildPhase;
			buildActionMask = 2147483647;
			files = (
			);
			inputPaths = (
				"${PODS_PODFILE_DIR_PATH}/Podfile.lock",
				"${PODS_ROOT}/Manifest.lock",
			);
			name = "[CP] Check Pods Manifest.lock";
			outputPaths = (
				"$(DERIVED_FILE_DIR)/Pods-Todos-checkManifestLockResult.txt",
			);
			runOnlyForDeploymentPostprocessing = 0;
			shellPath = /bin/sh;
			shellScript = "diff \"${PODS_PODFILE_DIR_PATH}/Podfile.lock\" \"${PODS_ROOT}/Manifest.lock\" > /dev/null\nif [ $? != 0 ] ; then\n    # print error to STDERR\n    echo \"error: The sandbox is not in sync with the Podfile.lock. Run 'pod install' or update your CocoaPods installation.\" >&2\n    exit 1\nfi\n# This output is used by Xcode 'outputs' to avoid re-running this script phase.\necho \"SUCCESS\" > \"${SCRIPT_OUTPUT_FILE_0}\"\n";
			showEnvVarsInLog = 0;
		};
/* End PBXShellScriptBuildPhase section */

/* Begin PBXSourcesBuildPhase section */
		EA548F0520DC0EF8000350C7 /* Sources */ = {
			isa = PBXSourcesBuildPhase;
			buildActionMask = 2147483647;
			files = (
				EAE85C5520EF8629008C1602 /* Item.swift in Sources */,
				EA03500520E648EA00FDB40F /* CategoryViewController.swift in Sources */,
				EA548F0F20DC0EF8000350C7 /* TodoListViewController.swift in Sources */,
				EA548F0D20DC0EF8000350C7 /* AppDelegate.swift in Sources */,
				EAE85C5720EF8636008C1602 /* Category.swift in Sources */,
			);
			runOnlyForDeploymentPostprocessing = 0;
		};
/* End PBXSourcesBuildPhase section */

/* Begin PBXVariantGroup section */
		EA548F1020DC0EF8000350C7 /* Main.storyboard */ = {
			isa = PBXVariantGroup;
			children = (
				EA548F1120DC0EF8000350C7 /* Base */,
			);
			name = Main.storyboard;
			sourceTree = "<group>";
		};
		EA548F1520DC0F03000350C7 /* LaunchScreen.storyboard */ = {
			isa = PBXVariantGroup;
			children = (
				EA548F1620DC0F03000350C7 /* Base */,
			);
			name = LaunchScreen.storyboard;
			sourceTree = "<group>";
		};
/* End PBXVariantGroup section */

/* Begin XCBuildConfiguration section */
		EA548F1920DC0F03000350C7 /* Debug */ = {
			isa = XCBuildConfiguration;
			buildSettings = {
				ALWAYS_SEARCH_USER_PATHS = NO;
				CLANG_ANALYZER_NONNULL = YES;
				CLANG_ANALYZER_NUMBER_OBJECT_CONVERSION = YES_AGGRESSIVE;
				CLANG_CXX_LANGUAGE_STANDARD = "gnu++14";
				CLANG_CXX_LIBRARY = "libc++";
				CLANG_ENABLE_MODULES = YES;
				CLANG_ENABLE_OBJC_ARC = YES;
				CLANG_ENABLE_OBJC_WEAK = YES;
				CLANG_WARN_BLOCK_CAPTURE_AUTORELEASING = YES;
				CLANG_WARN_BOOL_CONVERSION = YES;
				CLANG_WARN_COMMA = YES;
				CLANG_WARN_CONSTANT_CONVERSION = YES;
				CLANG_WARN_DEPRECATED_OBJC_IMPLEMENTATIONS = YES;
				CLANG_WARN_DIRECT_OBJC_ISA_USAGE = YES_ERROR;
				CLANG_WARN_DOCUMENTATION_COMMENTS = YES;
				CLANG_WARN_EMPTY_BODY = YES;
				CLANG_WARN_ENUM_CONVERSION = YES;
				CLANG_WARN_INFINITE_RECURSION = YES;
				CLANG_WARN_INT_CONVERSION = YES;
				CLANG_WARN_NON_LITERAL_NULL_CONVERSION = YES;
				CLANG_WARN_OBJC_IMPLICIT_RETAIN_SELF = YES;
				CLANG_WARN_OBJC_LITERAL_CONVERSION = YES;
				CLANG_WARN_OBJC_ROOT_CLASS = YES_ERROR;
				CLANG_WARN_RANGE_LOOP_ANALYSIS = YES;
				CLANG_WARN_STRICT_PROTOTYPES = YES;
				CLANG_WARN_SUSPICIOUS_MOVE = YES;
				CLANG_WARN_UNGUARDED_AVAILABILITY = YES_AGGRESSIVE;
				CLANG_WARN_UNREACHABLE_CODE = YES;
				CLANG_WARN__DUPLICATE_METHOD_MATCH = YES;
				CODE_SIGN_IDENTITY = "iPhone Developer";
				COPY_PHASE_STRIP = NO;
				DEBUG_INFORMATION_FORMAT = dwarf;
				ENABLE_STRICT_OBJC_MSGSEND = YES;
				ENABLE_TESTABILITY = YES;
				GCC_C_LANGUAGE_STANDARD = gnu11;
				GCC_DYNAMIC_NO_PIC = NO;
				GCC_NO_COMMON_BLOCKS = YES;
				GCC_OPTIMIZATION_LEVEL = 0;
				GCC_PREPROCESSOR_DEFINITIONS = (
					"DEBUG=1",
					"$(inherited)",
				);
				GCC_WARN_64_TO_32_BIT_CONVERSION = YES;
				GCC_WARN_ABOUT_RETURN_TYPE = YES_ERROR;
				GCC_WARN_UNDECLARED_SELECTOR = YES;
				GCC_WARN_UNINITIALIZED_AUTOS = YES_AGGRESSIVE;
				GCC_WARN_UNUSED_FUNCTION = YES;
				GCC_WARN_UNUSED_VARIABLE = YES;
				IPHONEOS_DEPLOYMENT_TARGET = 11.4;
				MTL_ENABLE_DEBUG_INFO = YES;
				ONLY_ACTIVE_ARCH = YES;
				SDKROOT = iphoneos;
				SWIFT_ACTIVE_COMPILATION_CONDITIONS = DEBUG;
				SWIFT_OPTIMIZATION_LEVEL = "-Onone";
			};
			name = Debug;
		};
		EA548F1A20DC0F03000350C7 /* Release */ = {
			isa = XCBuildConfiguration;
			buildSettings = {
				ALWAYS_SEARCH_USER_PATHS = NO;
				CLANG_ANALYZER_NONNULL = YES;
				CLANG_ANALYZER_NUMBER_OBJECT_CONVERSION = YES_AGGRESSIVE;
				CLANG_CXX_LANGUAGE_STANDARD = "gnu++14";
				CLANG_CXX_LIBRARY = "libc++";
				CLANG_ENABLE_MODULES = YES;
				CLANG_ENABLE_OBJC_ARC = YES;
				CLANG_ENABLE_OBJC_WEAK = YES;
				CLANG_WARN_BLOCK_CAPTURE_AUTORELEASING = YES;
				CLANG_WARN_BOOL_CONVERSION = YES;
				CLANG_WARN_COMMA = YES;
				CLANG_WARN_CONSTANT_CONVERSION = YES;
				CLANG_WARN_DEPRECATED_OBJC_IMPLEMENTATIONS = YES;
				CLANG_WARN_DIRECT_OBJC_ISA_USAGE = YES_ERROR;
				CLANG_WARN_DOCUMENTATION_COMMENTS = YES;
				CLANG_WARN_EMPTY_BODY = YES;
				CLANG_WARN_ENUM_CONVERSION = YES;
				CLANG_WARN_INFINITE_RECURSION = YES;
				CLANG_WARN_INT_CONVERSION = YES;
				CLANG_WARN_NON_LITERAL_NULL_CONVERSION = YES;
				CLANG_WARN_OBJC_IMPLICIT_RETAIN_SELF = YES;
				CLANG_WARN_OBJC_LITERAL_CONVERSION = YES;
				CLANG_WARN_OBJC_ROOT_CLASS = YES_ERROR;
				CLANG_WARN_RANGE_LOOP_ANALYSIS = YES;
				CLANG_WARN_STRICT_PROTOTYPES = YES;
				CLANG_WARN_SUSPICIOUS_MOVE = YES;
				CLANG_WARN_UNGUARDED_AVAILABILITY = YES_AGGRESSIVE;
				CLANG_WARN_UNREACHABLE_CODE = YES;
				CLANG_WARN__DUPLICATE_METHOD_MATCH = YES;
				CODE_SIGN_IDENTITY = "iPhone Developer";
				COPY_PHASE_STRIP = NO;
				DEBUG_INFORMATION_FORMAT = "dwarf-with-dsym";
				ENABLE_NS_ASSERTIONS = NO;
				ENABLE_STRICT_OBJC_MSGSEND = YES;
				GCC_C_LANGUAGE_STANDARD = gnu11;
				GCC_NO_COMMON_BLOCKS = YES;
				GCC_WARN_64_TO_32_BIT_CONVERSION = YES;
				GCC_WARN_ABOUT_RETURN_TYPE = YES_ERROR;
				GCC_WARN_UNDECLARED_SELECTOR = YES;
				GCC_WARN_UNINITIALIZED_AUTOS = YES_AGGRESSIVE;
				GCC_WARN_UNUSED_FUNCTION = YES;
				GCC_WARN_UNUSED_VARIABLE = YES;
				IPHONEOS_DEPLOYMENT_TARGET = 11.4;
				MTL_ENABLE_DEBUG_INFO = NO;
				SDKROOT = iphoneos;
				SWIFT_COMPILATION_MODE = wholemodule;
				SWIFT_OPTIMIZATION_LEVEL = "-O";
				VALIDATE_PRODUCT = YES;
			};
			name = Release;
		};
		EA548F1C20DC0F03000350C7 /* Debug */ = {
			isa = XCBuildConfiguration;
			baseConfigurationReference = FD1A8911DCE7F16B0A831E02 /* Pods-Todos.debug.xcconfig */;
			buildSettings = {
				ASSETCATALOG_COMPILER_APPICON_NAME = AppIcon;
				CODE_SIGN_STYLE = Automatic;
				DEVELOPMENT_TEAM = H48YAXWN98;
				INFOPLIST_FILE = Todos/Info.plist;
				LD_RUNPATH_SEARCH_PATHS = (
					"$(inherited)",
					"@executable_path/Frameworks",
				);
				PRODUCT_BUNDLE_IDENTIFIER = com.mn.Todos;
				PRODUCT_NAME = "$(TARGET_NAME)";
				SWIFT_VERSION = 4.0;
				TARGETED_DEVICE_FAMILY = "1,2";
			};
			name = Debug;
		};
		EA548F1D20DC0F03000350C7 /* Release */ = {
			isa = XCBuildConfiguration;
			baseConfigurationReference = A2C0B0FC862B605DAEA1B4B2 /* Pods-Todos.release.xcconfig */;
			buildSettings = {
				ASSETCATALOG_COMPILER_APPICON_NAME = AppIcon;
				CODE_SIGN_STYLE = Automatic;
				DEVELOPMENT_TEAM = H48YAXWN98;
				INFOPLIST_FILE = Todos/Info.plist;
				LD_RUNPATH_SEARCH_PATHS = (
					"$(inherited)",
					"@executable_path/Frameworks",
				);
				PRODUCT_BUNDLE_IDENTIFIER = com.mn.Todos;
				PRODUCT_NAME = "$(TARGET_NAME)";
				SWIFT_VERSION = 4.0;
				TARGETED_DEVICE_FAMILY = "1,2";
			};
			name = Release;
		};
/* End XCBuildConfiguration section */

/* Begin XCConfigurationList section */
		EA548F0420DC0EF8000350C7 /* Build configuration list for PBXProject "Todos" */ = {
			isa = XCConfigurationList;
			buildConfigurations = (
				EA548F1920DC0F03000350C7 /* Debug */,
				EA548F1A20DC0F03000350C7 /* Release */,
			);
			defaultConfigurationIsVisible = 0;
			defaultConfigurationName = Release;
		};
		EA548F1B20DC0F03000350C7 /* Build configuration list for PBXNativeTarget "Todos" */ = {
			isa = XCConfigurationList;
			buildConfigurations = (
				EA548F1C20DC0F03000350C7 /* Debug */,
				EA548F1D20DC0F03000350C7 /* Release */,
			);
			defaultConfigurationIsVisible = 0;
			defaultConfigurationName = Release;
		};
/* End XCConfigurationList section */
	};
	rootObject = EA548F0120DC0EF8000350C7 /* Project object */;
}
